<?xml version="1.0" encoding="utf-8"?>
<Project ToolsVersion="4.0" xmlns="http://schemas.microsoft.com/developer/msbuild/2003">
  <ItemGroup>
    <ClInclude Include="Source\Graphics\Graphics.h" />
    <ClInclude Include="Source\Graphics\GraphicsContext.h" />
    <ClInclude Include="Source\Graphics\GraphicsSystem.h" />
    <ClInclude Include="Source\Graphics\Mesh.h" />
    <ClInclude Include="Source\Graphics\Model.h" />
    <ClInclude Include="Source\Graphics\ShaderManager.h" />
    <ClInclude Include="Source\Graphics\ShaderManager.Uniforms.inc.h" />
    <ClInclude Include="Source\Graphics\Texture.h" />
    <ClInclude Include="Source\Graphics\Window.h" />
    <ClInclude Include="Source\Logging\Log.h" />
    <ClInclude Include="Source\Math\Math.h" />
    <ClInclude Include="Source\Program.h" />
    <ClInclude Include="Source\Timing\TimeInfo.h" />
    <ClInclude Include="Source\Timing\Timer.h" />
    <ClInclude Include="Source\World\Camera.h" />
    <ClInclude Include="Source\World\Skybox.h" />
    <ClInclude Include="Libraries\lodepng\include\lodepng\lodepng.h" />
  </ItemGroup>
  <ItemGroup>
    <ClCompile Include="Source\Graphics\GraphicsContext.cpp" />
    <ClCompile Include="Source\Graphics\GraphicsSystem.cpp" />
    <ClCompile Include="Source\Graphics\Mesh.cpp" />
    <ClCompile Include="Source\Graphics\Model.cpp" />
    <ClCompile Include="Source\Graphics\ShaderManager.cpp" />
    <ClCompile Include="Source\Graphics\Texture.cpp" />
    <ClCompile Include="Source\Graphics\Window.cpp" />
    <ClCompile Include="Source\Logging\Log.cpp" />
    <ClCompile Include="Source\Main.cpp" />
    <ClCompile Include="Source\Program.cpp" />
    <ClCompile Include="Source\Timing\TimeInfo.cpp" />
    <ClCompile Include="Source\Timing\Timer.cpp" />
    <ClCompile Include="Source\World\Camera.cpp" />
    <ClCompile Include="Source\World\Skybox.cpp" />
    <ClCompile Include="Libraries\lodepng\include\lodepng\lodepng.cpp" />
  </ItemGroup>
</Project>