<?xml version="1.0" encoding="UTF-8" standalone="yes" ?>
<CodeBlocks_project_file>
	<FileVersion major="1" minor="6" />
	<Project>
		<Option title="dusk" />
		<Option pch_mode="2" />
		<Option compiler="gcc" />
		<Option virtualFolders="External/;" />
		<Build>
			<Target title="Debug">
				<Option output="dusk" prefix_auto="1" extension_auto="1" />
				<Option object_output="obj/" />
				<Option type="1" />
				<Option compiler="gcc" />
				<Option use_console_runner="0" />
				<Compiler>
					<Add option="-g" />
					<Add option="-DDEBUG" />
				</Compiler>
			</Target>
			<Target title="Release">
				<Option output="dusk" prefix_auto="1" extension_auto="1" />
				<Option object_output="obj/" />
				<Option type="1" />
				<Option compiler="gcc" />
				<Option use_console_runner="0" />
				<Compiler>
					<Add option="-O2" />
					<Add option="-DRELEASE" />
				</Compiler>
				<Linker>
					<Add option="-s" />
				</Linker>
			</Target>
		</Build>
		<Compiler>
			<Add option="-pedantic-errors" />
			<Add option="-pedantic" />
			<Add option="-std=c++11" />
			<Add option="-Wall" />
			<Add directory="Libraries/glm/include" />
			<Add directory="Libraries/Arc/include" />
			<Add directory="Libraries/lodepng/include" />
			<Add directory="Source" />
			<Add directory="/usr/include/lua5.2/" />
		</Compiler>
		<Linker>
			<Add library="m" />
			<Add library="glfw3" />
			<Add library="GL" />
			<Add library="GLU" />
			<Add library="GLEW" />
			<Add library="X11" />
			<Add library="Xi" />
			<Add library="Xxf86vm" />
			<Add library="Xrandr" />
			<Add library="pthread" />
			<Add library="ArcCore" />
			<Add library="lua5.2" />
			<Add directory="Libraries/Arc/lib" />
			<Add directory="/usr/lib64" />
		</Linker>
		<Unit filename="Assets/Models/behemoth/mat_behemoth.mtl" />
		<Unit filename="Assets/Models/behemoth/mdl_behemoth.dskm" />
		<Unit filename="Assets/Models/behemoth/mdl_behemoth.obj" />
		<Unit filename="Assets/Models/behemoth/tex_behemoth_armor.tga" />
		<Unit filename="Assets/Models/behemoth/tex_behemoth_firehydrant.tga" />
		<Unit filename="Assets/Models/behemoth/tex_behemoth_skin.tga" />
		<Unit filename="Assets/Models/bridge/mat_bridge.mtl" />
		<Unit filename="Assets/Models/bridge/mdl_bridge.obj" />
		<Unit filename="Assets/Models/bridge/tex_bridge.jpg" />
		<Unit filename="Assets/Models/bridge/tex_bridge_bump.tga" />
		<Unit filename="Assets/Models/bridge/tex_bridge_norm.jpg" />
		<Unit filename="Assets/Models/bridge/tex_bridge_spec.jpg" />
		<Unit filename="Assets/Models/mdl_cube.dskm" />
		<Unit filename="Assets/Models/mdl_cube.obj" />
		<Unit filename="Assets/Models/mdl_monkey.dskm" />
		<Unit filename="Assets/Models/mdl_monkey.obj" />
		<Unit filename="Assets/Models/mdl_test.obj" />
		<Unit filename="Assets/Models/mdl_test2.dskm" />
		<Unit filename="Assets/Models/mdl_test2.obj" />
		<Unit filename="Assets/Models/mdl_torus.obj" />
		<Unit filename="Assets/Shaders/flat.fs.glsl" />
		<Unit filename="Assets/Shaders/flat.vs.glsl" />
		<Unit filename="Assets/Shaders/skybox.fs.glsl" />
		<Unit filename="Assets/Shaders/skybox.vs.glsl" />
		<Unit filename="Assets/Skyboxes/tex_skybox_abstract.png" />
		<Unit filename="Assets/Skyboxes/tex_skybox_clouds.jpg" />
		<Unit filename="Assets/Skyboxes/tex_skybox_grimmnight.jpg" />
		<Unit filename="Assets/Skyboxes/tex_skybox_nebula.png" />
		<Unit filename="Assets/Skyboxes/tex_skybox_nightcity.jpg" />
		<Unit filename="Assets/Skyboxes/tex_skybox_space.png" />
		<Unit filename="Assets/Skyboxes/tex_skybox_stormydays.jpg" />
		<Unit filename="Libraries/lodepng/include/lodepng/lodepng.cpp">
			<Option virtualFolder="External/" />
		</Unit>
		<Unit filename="Libraries/lodepng/include/lodepng/lodepng.h">
			<Option virtualFolder="External/" />
		</Unit>
		<Unit filename="Source/Events/Callbacks.h" />
		<Unit filename="Source/Events/Delegate.h" />
		<Unit filename="Source/Events/Event.cpp" />
		<Unit filename="Source/Events/Event.h" />
		<Unit filename="Source/Events/IEventDispatcher.cpp" />
		<Unit filename="Source/Events/IEventDispatcher.h" />
		<Unit filename="Source/Graphics/Graphics.h" />
		<Unit filename="Source/Graphics/GraphicsContext.cpp" />
		<Unit filename="Source/Graphics/GraphicsContext.h" />
		<Unit filename="Source/Graphics/GraphicsSystem.cpp" />
		<Unit filename="Source/Graphics/GraphicsSystem.h" />
		<Unit filename="Source/Graphics/Mesh.cpp" />
		<Unit filename="Source/Graphics/Mesh.h" />
		<Unit filename="Source/Graphics/Model.cpp" />
		<Unit filename="Source/Graphics/Model.h" />
		<Unit filename="Source/Graphics/ShaderManager.Uniforms.inc.h" />
		<Unit filename="Source/Graphics/ShaderManager.cpp" />
		<Unit filename="Source/Graphics/ShaderManager.h" />
		<Unit filename="Source/Graphics/Texture.cpp" />
		<Unit filename="Source/Graphics/Texture.h" />
		<Unit filename="Source/Graphics/Window.cpp" />
		<Unit filename="Source/Graphics/Window.h" />
		<Unit filename="Source/Input/Input.h" />
		<Unit filename="Source/Input/InputSystem.cpp" />
		<Unit filename="Source/Input/InputSystem.h" />
		<Unit filename="Source/Input/Key.h" />
		<Unit filename="Source/Input/MouseButton.h" />
		<Unit filename="Source/Logging/Log.cpp" />
		<Unit filename="Source/Logging/Log.h" />
		<Unit filename="Source/Main.cpp" />
		<Unit filename="Source/Math/Math.h" />
		<Unit filename="Source/Program.cpp" />
		<Unit filename="Source/Program.h" />
		<Unit filename="Source/Scripting/Scripting.h" />
		<Unit filename="Source/Scripting/ScriptingSystem.cpp" />
		<Unit filename="Source/Scripting/ScriptingSystem.h" />
		<Unit filename="Source/Timing/TimeInfo.cpp" />
		<Unit filename="Source/Timing/TimeInfo.h" />
		<Unit filename="Source/Timing/Timer.cpp" />
		<Unit filename="Source/Timing/Timer.h" />
		<Unit filename="Source/World/Camera.cpp" />
		<Unit filename="Source/World/Camera.h" />
		<Unit filename="Source/World/Skybox.cpp" />
		<Unit filename="Source/World/Skybox.h" />
		<Unit filename="error.log" />
		<Unit filename="info.log" />
		<Extensions>
			<code_completion />
			<debugger />
		</Extensions>
	</Project>
</CodeBlocks_project_file>
