<?xml version="1.0" encoding="UTF-8" standalone="yes" ?>
<CodeBlocks_project_file>
	<FileVersion major="1" minor="6" />
	<Project>
		<Option title="duskrc" />
		<Option pch_mode="2" />
		<Option compiler="gcc" />
		<Option virtualFolders="Project/;Project/Import/;Project/Export/;Project/Intermediate/;Project/Util/;Project/Collections/;Project/Import/Models/;Project/Export/Models/;Project/Export/Textures/;Project/Import/Textures/;" />
		<Build>
			<Target title="Debug">
				<Option output="duskrc" prefix_auto="1" extension_auto="1" />
				<Option object_output="obj/" />
				<Option type="1" />
				<Option compiler="gcc" />
				<Option parameters="assets/cube.obj assets/test.dskm" />
				<Compiler>
					<Add option="-g" />
				</Compiler>
			</Target>
			<Target title="Release">
				<Option output="duskrc" prefix_auto="1" extension_auto="1" />
				<Option object_output="obj/" />
				<Option type="1" />
				<Option compiler="gcc" />
				<Compiler>
					<Add option="-O2" />
				</Compiler>
				<Linker>
					<Add option="-s" />
				</Linker>
			</Target>
		</Build>
		<Compiler>
			<Add option="-pedantic-errors" />
			<Add option="-pedantic" />
			<Add option="-Wzero-as-null-pointer-constant" />
			<Add option="-std=c++11" />
			<Add option="-Wall" />
			<Add directory="../Libraries/glm/include" />
			<Add directory="/usr/include/SDL2" />
		</Compiler>
		<Linker>
			<Add library="SDL2" />
			<Add library="SDL2main" />
		</Linker>
		<Unit filename="ArrayList.h">
			<Option virtualFolder="Project/Collections/" />
		</Unit>
		<Unit filename="ExportDSKM.cpp">
			<Option virtualFolder="Project/Export/Models/" />
		</Unit>
		<Unit filename="ExportDSKM.h">
			<Option virtualFolder="Project/Export/Models/" />
		</Unit>
		<Unit filename="ExportDSKT.cpp">
			<Option virtualFolder="Project/Export/Textures/" />
		</Unit>
		<Unit filename="ExportDSKT.h">
			<Option virtualFolder="Project/Export/Textures/" />
		</Unit>
		<Unit filename="ExportJPG.cpp">
			<Option virtualFolder="Project/Export/Textures/" />
		</Unit>
		<Unit filename="ExportJPG.h">
			<Option virtualFolder="Project/Export/Textures/" />
		</Unit>
		<Unit filename="ExportOBJ.cpp">
			<Option virtualFolder="Project/Export/Models/" />
		</Unit>
		<Unit filename="ExportOBJ.h">
			<Option virtualFolder="Project/Export/Models/" />
		</Unit>
		<Unit filename="ExportPNG.cpp">
			<Option virtualFolder="Project/Export/Textures/" />
		</Unit>
		<Unit filename="ExportPNG.h">
			<Option virtualFolder="Project/Export/Textures/" />
		</Unit>
		<Unit filename="ExtensionTypeMap.cpp">
			<Option virtualFolder="Project/Util/" />
		</Unit>
		<Unit filename="ExtensionTypeMap.h">
			<Option virtualFolder="Project/Util/" />
		</Unit>
		<Unit filename="Functions.cpp">
			<Option virtualFolder="Project/Util/" />
		</Unit>
		<Unit filename="Functions.h">
			<Option virtualFolder="Project/Util/" />
		</Unit>
		<Unit filename="ImportDSKM.cpp">
			<Option virtualFolder="Project/Import/Models/" />
		</Unit>
		<Unit filename="ImportDSKM.h">
			<Option virtualFolder="Project/Import/Models/" />
		</Unit>
		<Unit filename="ImportDSKT.cpp">
			<Option virtualFolder="Project/Import/Textures/" />
		</Unit>
		<Unit filename="ImportDSKT.h">
			<Option virtualFolder="Project/Import/Textures/" />
		</Unit>
		<Unit filename="ImportJPG.cpp">
			<Option virtualFolder="Project/Import/Textures/" />
		</Unit>
		<Unit filename="ImportJPG.h">
			<Option virtualFolder="Project/Import/Textures/" />
		</Unit>
		<Unit filename="ImportOBJ.cpp">
			<Option virtualFolder="Project/Import/Models/" />
		</Unit>
		<Unit filename="ImportOBJ.h">
			<Option virtualFolder="Project/Import/Models/" />
		</Unit>
		<Unit filename="ImportPNG.cpp">
			<Option virtualFolder="Project/Import/Textures/" />
		</Unit>
		<Unit filename="ImportPNG.h">
			<Option virtualFolder="Project/Import/Textures/" />
		</Unit>
		<Unit filename="InterModel.cpp">
			<Option virtualFolder="Project/Intermediate/" />
		</Unit>
		<Unit filename="InterModel.h">
			<Option virtualFolder="Project/Intermediate/" />
		</Unit>
		<Unit filename="InterTexture.cpp">
			<Option virtualFolder="Project/Intermediate/" />
		</Unit>
		<Unit filename="InterTexture.h">
			<Option virtualFolder="Project/Intermediate/" />
		</Unit>
		<Unit filename="Main.cpp">
			<Option virtualFolder="Project/" />
		</Unit>
		<Unit filename="MainArgs.cpp">
			<Option virtualFolder="Project/Util/" />
		</Unit>
		<Unit filename="MainArgs.h">
			<Option virtualFolder="Project/Util/" />
		</Unit>
		<Unit filename="Map.h">
			<Option virtualFolder="Project/Collections/" />
		</Unit>
		<Unit filename="MathFunctions.h">
			<Option virtualFolder="Project/Util/" />
		</Unit>
		<Unit filename="Usage.h">
			<Option virtualFolder="Project/Util/" />
		</Unit>
		<Extensions>
			<code_completion />
			<debugger />
		</Extensions>
	</Project>
</CodeBlocks_project_file>
